// !$*UTF8*$!
{
	archiveVersion = 1;
	classes = {
	};
	objectVersion = 50;
	objects = {

/* Begin PBXBuildFile section */
		1036C73F22CDC09700C84813 /* API.swift in Sources */ = {isa = PBXBuildFile; fileRef = 1036C73E22CDC09700C84813 /* API.swift */; };
		1036C74122CDC48100C84813 /* Constants.swift in Sources */ = {isa = PBXBuildFile; fileRef = 1036C74022CDC48100C84813 /* Constants.swift */; };
		1036C74322DF39EE00C84813 /* photoViewVC.swift in Sources */ = {isa = PBXBuildFile; fileRef = 1036C74222DF39EE00C84813 /* photoViewVC.swift */; };
		103CCF7822BCF6F300A5C3B7 /* AppDelegate.swift in Sources */ = {isa = PBXBuildFile; fileRef = 103CCF7722BCF6F300A5C3B7 /* AppDelegate.swift */; };
		103CCF7A22BCF6F300A5C3B7 /* UIViewController.swift in Sources */ = {isa = PBXBuildFile; fileRef = 103CCF7922BCF6F300A5C3B7 /* UIViewController.swift */; };
		103CCF7D22BCF6F300A5C3B7 /* Main.storyboard in Resources */ = {isa = PBXBuildFile; fileRef = 103CCF7B22BCF6F300A5C3B7 /* Main.storyboard */; };
		103CCF7F22BCF6F500A5C3B7 /* Assets.xcassets in Resources */ = {isa = PBXBuildFile; fileRef = 103CCF7E22BCF6F500A5C3B7 /* Assets.xcassets */; };
		103CCF8222BCF6F500A5C3B7 /* LaunchScreen.storyboard in Resources */ = {isa = PBXBuildFile; fileRef = 103CCF8022BCF6F500A5C3B7 /* LaunchScreen.storyboard */; };
		103CCF8D22BCF6F500A5C3B7 /* Virtual_TouristTests.swift in Sources */ = {isa = PBXBuildFile; fileRef = 103CCF8C22BCF6F500A5C3B7 /* Virtual_TouristTests.swift */; };
		103CCF9822BCF6F500A5C3B7 /* Virtual_TouristUITests.swift in Sources */ = {isa = PBXBuildFile; fileRef = 103CCF9722BCF6F500A5C3B7 /* Virtual_TouristUITests.swift */; };
		103CCFAA22BFA7D400A5C3B7 /* MapVC.swift in Sources */ = {isa = PBXBuildFile; fileRef = 103CCFA922BFA7D400A5C3B7 /* MapVC.swift */; };
		103CCFAE22BFA82D00A5C3B7 /* PhotoVC.swift in Sources */ = {isa = PBXBuildFile; fileRef = 103CCFAD22BFA82D00A5C3B7 /* PhotoVC.swift */; };
		103CCFB022BFA88200A5C3B7 /* PhotoCVCell.swift in Sources */ = {isa = PBXBuildFile; fileRef = 103CCFAF22BFA88200A5C3B7 /* PhotoCVCell.swift */; };
		103CCFB222BFA8E000A5C3B7 /* DataController.swift in Sources */ = {isa = PBXBuildFile; fileRef = 103CCFB122BFA8E000A5C3B7 /* DataController.swift */; };
		103CCFB422BFA8F800A5C3B7 /* PhotoExtension.swift in Sources */ = {isa = PBXBuildFile; fileRef = 103CCFB322BFA8F800A5C3B7 /* PhotoExtension.swift */; };
		103CCFB622BFA91700A5C3B7 /* PinExtension.swift in Sources */ = {isa = PBXBuildFile; fileRef = 103CCFB522BFA91700A5C3B7 /* PinExtension.swift */; };
		103CCFBB22CC4CA000A5C3B7 /* CustomImageView.swift in Sources */ = {isa = PBXBuildFile; fileRef = 103CCFBA22CC4CA000A5C3B7 /* CustomImageView.swift */; };
		103CCFBE22CC53AC00A5C3B7 /* VT.xcdatamodeld in Sources */ = {isa = PBXBuildFile; fileRef = 103CCFBC22CC53AC00A5C3B7 /* VT.xcdatamodeld */; };
/* End PBXBuildFile section */

/* Begin PBXContainerItemProxy section */
		103CCF8922BCF6F500A5C3B7 /* PBXContainerItemProxy */ = {
			isa = PBXContainerItemProxy;
			containerPortal = 103CCF6C22BCF6F300A5C3B7 /* Project object */;
			proxyType = 1;
			remoteGlobalIDString = 103CCF7322BCF6F300A5C3B7;
			remoteInfo = "Virtual Tourist";
		};
		103CCF9422BCF6F500A5C3B7 /* PBXContainerItemProxy */ = {
			isa = PBXContainerItemProxy;
			containerPortal = 103CCF6C22BCF6F300A5C3B7 /* Project object */;
			proxyType = 1;
			remoteGlobalIDString = 103CCF7322BCF6F300A5C3B7;
			remoteInfo = "Virtual Tourist";
		};
/* End PBXContainerItemProxy section */

/* Begin PBXFileReference section */
		1036C73E22CDC09700C84813 /* API.swift */ = {isa = PBXFileReference; lastKnownFileType = sourcecode.swift; path = API.swift; sourceTree = "<group>"; };
		1036C74022CDC48100C84813 /* Constants.swift */ = {isa = PBXFileReference; lastKnownFileType = sourcecode.swift; path = Constants.swift; sourceTree = "<group>"; };
		1036C74222DF39EE00C84813 /* photoViewVC.swift */ = {isa = PBXFileReference; lastKnownFileType = sourcecode.swift; path = photoViewVC.swift; sourceTree = "<group>"; };
		103CCF7422BCF6F300A5C3B7 /* Virtual Tourist.app */ = {isa = PBXFileReference; explicitFileType = wrapper.application; includeInIndex = 0; path = "Virtual Tourist.app"; sourceTree = BUILT_PRODUCTS_DIR; };
		103CCF7722BCF6F300A5C3B7 /* AppDelegate.swift */ = {isa = PBXFileReference; lastKnownFileType = sourcecode.swift; path = AppDelegate.swift; sourceTree = "<group>"; };
		103CCF7922BCF6F300A5C3B7 /* UIViewController.swift */ = {isa = PBXFileReference; lastKnownFileType = sourcecode.swift; path = UIViewController.swift; sourceTree = "<group>"; };
		103CCF7C22BCF6F300A5C3B7 /* Base */ = {isa = PBXFileReference; lastKnownFileType = file.storyboard; name = Base; path = Base.lproj/Main.storyboard; sourceTree = "<group>"; };
		103CCF7E22BCF6F500A5C3B7 /* Assets.xcassets */ = {isa = PBXFileReference; lastKnownFileType = folder.assetcatalog; path = Assets.xcassets; sourceTree = "<group>"; };
		103CCF8122BCF6F500A5C3B7 /* Base */ = {isa = PBXFileReference; lastKnownFileType = file.storyboard; name = Base; path = Base.lproj/LaunchScreen.storyboard; sourceTree = "<group>"; };
		103CCF8322BCF6F500A5C3B7 /* Info.plist */ = {isa = PBXFileReference; lastKnownFileType = text.plist.xml; path = Info.plist; sourceTree = "<group>"; };
		103CCF8822BCF6F500A5C3B7 /* Virtual TouristTests.xctest */ = {isa = PBXFileReference; explicitFileType = wrapper.cfbundle; includeInIndex = 0; path = "Virtual TouristTests.xctest"; sourceTree = BUILT_PRODUCTS_DIR; };
		103CCF8C22BCF6F500A5C3B7 /* Virtual_TouristTests.swift */ = {isa = PBXFileReference; lastKnownFileType = sourcecode.swift; path = Virtual_TouristTests.swift; sourceTree = "<group>"; };
		103CCF8E22BCF6F500A5C3B7 /* Info.plist */ = {isa = PBXFileReference; lastKnownFileType = text.plist.xml; path = Info.plist; sourceTree = "<group>"; };
		103CCF9322BCF6F500A5C3B7 /* Virtual TouristUITests.xctest */ = {isa = PBXFileReference; explicitFileType = wrapper.cfbundle; includeInIndex = 0; path = "Virtual TouristUITests.xctest"; sourceTree = BUILT_PRODUCTS_DIR; };
		103CCF9722BCF6F500A5C3B7 /* Virtual_TouristUITests.swift */ = {isa = PBXFileReference; lastKnownFileType = sourcecode.swift; path = Virtual_TouristUITests.swift; sourceTree = "<group>"; };
		103CCF9922BCF6F500A5C3B7 /* Info.plist */ = {isa = PBXFileReference; lastKnownFileType = text.plist.xml; path = Info.plist; sourceTree = "<group>"; };
		103CCFA922BFA7D400A5C3B7 /* MapVC.swift */ = {isa = PBXFileReference; lastKnownFileType = sourcecode.swift; path = MapVC.swift; sourceTree = "<group>"; };
		103CCFAD22BFA82D00A5C3B7 /* PhotoVC.swift */ = {isa = PBXFileReference; lastKnownFileType = sourcecode.swift; path = PhotoVC.swift; sourceTree = "<group>"; };
		103CCFAF22BFA88200A5C3B7 /* PhotoCVCell.swift */ = {isa = PBXFileReference; lastKnownFileType = sourcecode.swift; path = PhotoCVCell.swift; sourceTree = "<group>"; };
		103CCFB122BFA8E000A5C3B7 /* DataController.swift */ = {isa = PBXFileReference; lastKnownFileType = sourcecode.swift; path = DataController.swift; sourceTree = "<group>"; };
		103CCFB322BFA8F800A5C3B7 /* PhotoExtension.swift */ = {isa = PBXFileReference; lastKnownFileType = sourcecode.swift; path = PhotoExtension.swift; sourceTree = "<group>"; };
		103CCFB522BFA91700A5C3B7 /* PinExtension.swift */ = {isa = PBXFileReference; lastKnownFileType = sourcecode.swift; path = PinExtension.swift; sourceTree = "<group>"; };
		103CCFBA22CC4CA000A5C3B7 /* CustomImageView.swift */ = {isa = PBXFileReference; lastKnownFileType = sourcecode.swift; path = CustomImageView.swift; sourceTree = "<group>"; };
		103CCFBD22CC53AC00A5C3B7 /* VT.xcdatamodel */ = {isa = PBXFileReference; lastKnownFileType = wrapper.xcdatamodel; path = VT.xcdatamodel; sourceTree = "<group>"; };
/* End PBXFileReference section */

/* Begin PBXFrameworksBuildPhase section */
		103CCF7122BCF6F300A5C3B7 /* Frameworks */ = {
			isa = PBXFrameworksBuildPhase;
			buildActionMask = 2147483647;
			files = (
			);
			runOnlyForDeploymentPostprocessing = 0;
		};
		103CCF8522BCF6F500A5C3B7 /* Frameworks */ = {
			isa = PBXFrameworksBuildPhase;
			buildActionMask = 2147483647;
			files = (
			);
			runOnlyForDeploymentPostprocessing = 0;
		};
		103CCF9022BCF6F500A5C3B7 /* Frameworks */ = {
			isa = PBXFrameworksBuildPhase;
			buildActionMask = 2147483647;
			files = (
			);
			runOnlyForDeploymentPostprocessing = 0;
		};
/* End PBXFrameworksBuildPhase section */

/* Begin PBXGroup section */
		103CCF6B22BCF6F300A5C3B7 = {
			isa = PBXGroup;
			children = (
				103CCF7622BCF6F300A5C3B7 /* Virtual Tourist */,
				103CCF8B22BCF6F500A5C3B7 /* Virtual TouristTests */,
				103CCF9622BCF6F500A5C3B7 /* Virtual TouristUITests */,
				103CCF7522BCF6F300A5C3B7 /* Products */,
			);
			sourceTree = "<group>";
		};
		103CCF7522BCF6F300A5C3B7 /* Products */ = {
			isa = PBXGroup;
			children = (
				103CCF7422BCF6F300A5C3B7 /* Virtual Tourist.app */,
				103CCF8822BCF6F500A5C3B7 /* Virtual TouristTests.xctest */,
				103CCF9322BCF6F500A5C3B7 /* Virtual TouristUITests.xctest */,
			);
			name = Products;
			sourceTree = "<group>";
		};
		103CCF7622BCF6F300A5C3B7 /* Virtual Tourist */ = {
			isa = PBXGroup;
			children = (
				103CCFA822BFA79D00A5C3B7 /* View */,
				103CCFB922BFA9CF00A5C3B7 /* Resourses */,
				103CCFB822BFA95F00A5C3B7 /* Extensions */,
				103CCFA722BFA78C00A5C3B7 /* Controller */,
				103CCFA522BFA76F00A5C3B7 /* Model */,
				103CCF7722BCF6F300A5C3B7 /* AppDelegate.swift */,
				103CCFB722BFA92C00A5C3B7 /* StoryBoards */,
				103CCF8322BCF6F500A5C3B7 /* Info.plist */,
				1036C73E22CDC09700C84813 /* API.swift */,
				1036C74022CDC48100C84813 /* Constants.swift */,
			);
			path = "Virtual Tourist";
			sourceTree = "<group>";
		};
		103CCF8B22BCF6F500A5C3B7 /* Virtual TouristTests */ = {
			isa = PBXGroup;
			children = (
				103CCF8C22BCF6F500A5C3B7 /* Virtual_TouristTests.swift */,
				103CCF8E22BCF6F500A5C3B7 /* Info.plist */,
			);
			path = "Virtual TouristTests";
			sourceTree = "<group>";
		};
		103CCF9622BCF6F500A5C3B7 /* Virtual TouristUITests */ = {
			isa = PBXGroup;
			children = (
				103CCF9722BCF6F500A5C3B7 /* Virtual_TouristUITests.swift */,
				103CCF9922BCF6F500A5C3B7 /* Info.plist */,
			);
			path = "Virtual TouristUITests";
			sourceTree = "<group>";
		};
		103CCFA522BFA76F00A5C3B7 /* Model */ = {
			isa = PBXGroup;
			children = (
				103CCFB122BFA8E000A5C3B7 /* DataController.swift */,
				103CCFB322BFA8F800A5C3B7 /* PhotoExtension.swift */,
				103CCFB522BFA91700A5C3B7 /* PinExtension.swift */,
				103CCFBC22CC53AC00A5C3B7 /* VT.xcdatamodeld */,
			);
			path = Model;
			sourceTree = "<group>";
		};
		103CCFA722BFA78C00A5C3B7 /* Controller */ = {
			isa = PBXGroup;
			children = (
				103CCFA922BFA7D400A5C3B7 /* MapVC.swift */,
				103CCFAD22BFA82D00A5C3B7 /* PhotoVC.swift */,
				1036C74222DF39EE00C84813 /* photoViewVC.swift */,
			);
			path = Controller;
			sourceTree = "<group>";
		};
		103CCFA822BFA79D00A5C3B7 /* View */ = {
			isa = PBXGroup;
			children = (
				103CCFAF22BFA88200A5C3B7 /* PhotoCVCell.swift */,
				103CCFBA22CC4CA000A5C3B7 /* CustomImageView.swift */,
			);
			path = View;
			sourceTree = "<group>";
		};
		103CCFB722BFA92C00A5C3B7 /* StoryBoards */ = {
			isa = PBXGroup;
			children = (
				103CCF7B22BCF6F300A5C3B7 /* Main.storyboard */,
				103CCF8022BCF6F500A5C3B7 /* LaunchScreen.storyboard */,
			);
			path = StoryBoards;
			sourceTree = "<group>";
		};
		103CCFB822BFA95F00A5C3B7 /* Extensions */ = {
			isa = PBXGroup;
			children = (
				103CCF7922BCF6F300A5C3B7 /* UIViewController.swift */,
			);
			path = Extensions;
			sourceTree = "<group>";
		};
		103CCFB922BFA9CF00A5C3B7 /* Resourses */ = {
			isa = PBXGroup;
			children = (
				103CCF7E22BCF6F500A5C3B7 /* Assets.xcassets */,
			);
			path = Resourses;
			sourceTree = "<group>";
		};
/* End PBXGroup section */

/* Begin PBXNativeTarget section */
		103CCF7322BCF6F300A5C3B7 /* Virtual Tourist */ = {
			isa = PBXNativeTarget;
			buildConfigurationList = 103CCF9C22BCF6F500A5C3B7 /* Build configuration list for PBXNativeTarget "Virtual Tourist" */;
			buildPhases = (
				103CCF7022BCF6F300A5C3B7 /* Sources */,
				103CCF7122BCF6F300A5C3B7 /* Frameworks */,
				103CCF7222BCF6F300A5C3B7 /* Resources */,
			);
			buildRules = (
			);
			dependencies = (
			);
			name = "Virtual Tourist";
			productName = "Virtual Tourist";
			productReference = 103CCF7422BCF6F300A5C3B7 /* Virtual Tourist.app */;
			productType = "com.apple.product-type.application";
		};
		103CCF8722BCF6F500A5C3B7 /* Virtual TouristTests */ = {
			isa = PBXNativeTarget;
			buildConfigurationList = 103CCF9F22BCF6F500A5C3B7 /* Build configuration list for PBXNativeTarget "Virtual TouristTests" */;
			buildPhases = (
				103CCF8422BCF6F500A5C3B7 /* Sources */,
				103CCF8522BCF6F500A5C3B7 /* Frameworks */,
				103CCF8622BCF6F500A5C3B7 /* Resources */,
			);
			buildRules = (
			);
			dependencies = (
				103CCF8A22BCF6F500A5C3B7 /* PBXTargetDependency */,
			);
			name = "Virtual TouristTests";
			productName = "Virtual TouristTests";
			productReference = 103CCF8822BCF6F500A5C3B7 /* Virtual TouristTests.xctest */;
			productType = "com.apple.product-type.bundle.unit-test";
		};
		103CCF9222BCF6F500A5C3B7 /* Virtual TouristUITests */ = {
			isa = PBXNativeTarget;
			buildConfigurationList = 103CCFA222BCF6F500A5C3B7 /* Build configuration list for PBXNativeTarget "Virtual TouristUITests" */;
			buildPhases = (
				103CCF8F22BCF6F500A5C3B7 /* Sources */,
				103CCF9022BCF6F500A5C3B7 /* Frameworks */,
				103CCF9122BCF6F500A5C3B7 /* Resources */,
			);
			buildRules = (
			);
			dependencies = (
				103CCF9522BCF6F500A5C3B7 /* PBXTargetDependency */,
			);
			name = "Virtual TouristUITests";
			productName = "Virtual TouristUITests";
			productReference = 103CCF9322BCF6F500A5C3B7 /* Virtual TouristUITests.xctest */;
			productType = "com.apple.product-type.bundle.ui-testing";
		};
/* End PBXNativeTarget section */

/* Begin PBXProject section */
		103CCF6C22BCF6F300A5C3B7 /* Project object */ = {
			isa = PBXProject;
			attributes = {
				LastSwiftUpdateCheck = 1020;
				LastUpgradeCheck = 1020;
				ORGANIZATIONNAME = Mohammed;
				TargetAttributes = {
					103CCF7322BCF6F300A5C3B7 = {
						CreatedOnToolsVersion = 10.2.1;
					};
					103CCF8722BCF6F500A5C3B7 = {
						CreatedOnToolsVersion = 10.2.1;
						TestTargetID = 103CCF7322BCF6F300A5C3B7;
					};
					103CCF9222BCF6F500A5C3B7 = {
						CreatedOnToolsVersion = 10.2.1;
						TestTargetID = 103CCF7322BCF6F300A5C3B7;
					};
				};
			};
			buildConfigurationList = 103CCF6F22BCF6F300A5C3B7 /* Build configuration list for PBXProject "Virtual Tourist" */;
			compatibilityVersion = "Xcode 9.3";
			developmentRegion = en;
			hasScannedForEncodings = 0;
			knownRegions = (
				en,
				Base,
			);
			mainGroup = 103CCF6B22BCF6F300A5C3B7;
			productRefGroup = 103CCF7522BCF6F300A5C3B7 /* Products */;
			projectDirPath = "";
			projectRoot = "";
			targets = (
				103CCF7322BCF6F300A5C3B7 /* Virtual Tourist */,
				103CCF8722BCF6F500A5C3B7 /* Virtual TouristTests */,
				103CCF9222BCF6F500A5C3B7 /* Virtual TouristUITests */,
			);
		};
/* End PBXProject section */

/* Begin PBXResourcesBuildPhase section */
		103CCF7222BCF6F300A5C3B7 /* Resources */ = {
			isa = PBXResourcesBuildPhase;
			buildActionMask = 2147483647;
			files = (
				103CCF8222BCF6F500A5C3B7 /* LaunchScreen.storyboard in Resources */,
				103CCF7F22BCF6F500A5C3B7 /* Assets.xcassets in Resources */,
				103CCF7D22BCF6F300A5C3B7 /* Main.storyboard in Resources */,
			);
			runOnlyForDeploymentPostprocessing = 0;
		};
		103CCF8622BCF6F500A5C3B7 /* Resources */ = {
			isa = PBXResourcesBuildPhase;
			buildActionMask = 2147483647;
			files = (
			);
			runOnlyForDeploymentPostprocessing = 0;
		};
		103CCF9122BCF6F500A5C3B7 /* Resources */ = {
			isa = PBXResourcesBuildPhase;
			buildActionMask = 2147483647;
			files = (
			);
			runOnlyForDeploymentPostprocessing = 0;
		};
/* End PBXResourcesBuildPhase section */

/* Begin PBXSourcesBuildPhase section */
		103CCF7022BCF6F300A5C3B7 /* Sources */ = {
			isa = PBXSourcesBuildPhase;
			buildActionMask = 2147483647;
			files = (
				1036C73F22CDC09700C84813 /* API.swift in Sources */,
				103CCF7A22BCF6F300A5C3B7 /* UIViewController.swift in Sources */,
				103CCFB622BFA91700A5C3B7 /* PinExtension.swift in Sources */,
				103CCFB222BFA8E000A5C3B7 /* DataController.swift in Sources */,
				103CCFB022BFA88200A5C3B7 /* PhotoCVCell.swift in Sources */,
				103CCFAA22BFA7D400A5C3B7 /* MapVC.swift in Sources */,
				103CCFAE22BFA82D00A5C3B7 /* PhotoVC.swift in Sources */,
				103CCFB422BFA8F800A5C3B7 /* PhotoExtension.swift in Sources */,
				103CCFBB22CC4CA000A5C3B7 /* CustomImageView.swift in Sources */,
				103CCF7822BCF6F300A5C3B7 /* AppDelegate.swift in Sources */,
				103CCFBE22CC53AC00A5C3B7 /* VT.xcdatamodeld in Sources */,
				1036C74322DF39EE00C84813 /* photoViewVC.swift in Sources */,
				1036C74122CDC48100C84813 /* Constants.swift in Sources */,
			);
			runOnlyForDeploymentPostprocessing = 0;
		};
		103CCF8422BCF6F500A5C3B7 /* Sources */ = {
			isa = PBXSourcesBuildPhase;
			buildActionMask = 2147483647;
			files = (
				103CCF8D22BCF6F500A5C3B7 /* Virtual_TouristTests.swift in Sources */,
			);
			runOnlyForDeploymentPostprocessing = 0;
		};
		103CCF8F22BCF6F500A5C3B7 /* Sources */ = {
			isa = PBXSourcesBuildPhase;
			buildActionMask = 2147483647;
			files = (
				103CCF9822BCF6F500A5C3B7 /* Virtual_TouristUITests.swift in Sources */,
			);
			runOnlyForDeploymentPostprocessing = 0;
		};
/* End PBXSourcesBuildPhase section */

/* Begin PBXTargetDependency section */
		103CCF8A22BCF6F500A5C3B7 /* PBXTargetDependency */ = {
			isa = PBXTargetDependency;
			target = 103CCF7322BCF6F300A5C3B7 /* Virtual Tourist */;
			targetProxy = 103CCF8922BCF6F500A5C3B7 /* PBXContainerItemProxy */;
		};
		103CCF9522BCF6F500A5C3B7 /* PBXTargetDependency */ = {
			isa = PBXTargetDependency;
			target = 103CCF7322BCF6F300A5C3B7 /* Virtual Tourist */;
			targetProxy = 103CCF9422BCF6F500A5C3B7 /* PBXContainerItemProxy */;
		};
/* End PBXTargetDependency section */

/* Begin PBXVariantGroup section */
		103CCF7B22BCF6F300A5C3B7 /* Main.storyboard */ = {
			isa = PBXVariantGroup;
			children = (
				103CCF7C22BCF6F300A5C3B7 /* Base */,
			);
			name = Main.storyboard;
			sourceTree = "<group>";
		};
		103CCF8022BCF6F500A5C3B7 /* LaunchScreen.storyboard */ = {
			isa = PBXVariantGroup;
			children = (
				103CCF8122BCF6F500A5C3B7 /* Base */,
			);
			name = LaunchScreen.storyboard;
			sourceTree = "<group>";
		};
/* End PBXVariantGroup section */

/* Begin XCBuildConfiguration section */
		103CCF9A22BCF6F500A5C3B7 /* Debug */ = {
			isa = XCBuildConfiguration;
			buildSettings = {
				ALWAYS_SEARCH_USER_PATHS = NO;
				CLANG_ANALYZER_NONNULL = YES;
				CLANG_ANALYZER_NUMBER_OBJECT_CONVERSION = YES_AGGRESSIVE;
				CLANG_CXX_LANGUAGE_STANDARD = "gnu++14";
				CLANG_CXX_LIBRARY = "libc++";
				CLANG_ENABLE_MODULES = YES;
				CLANG_ENABLE_OBJC_ARC = YES;
				CLANG_ENABLE_OBJC_WEAK = YES;
				CLANG_WARN_BLOCK_CAPTURE_AUTORELEASING = YES;
				CLANG_WARN_BOOL_CONVERSION = YES;
				CLANG_WARN_COMMA = YES;
				CLANG_WARN_CONSTANT_CONVERSION = YES;
				CLANG_WARN_DEPRECATED_OBJC_IMPLEMENTATIONS = YES;
				CLANG_WARN_DIRECT_OBJC_ISA_USAGE = YES_ERROR;
				CLANG_WARN_DOCUMENTATION_COMMENTS = YES;
				CLANG_WARN_EMPTY_BODY = YES;
				CLANG_WARN_ENUM_CONVERSION = YES;
				CLANG_WARN_INFINITE_RECURSION = YES;
				CLANG_WARN_INT_CONVERSION = YES;
				CLANG_WARN_NON_LITERAL_NULL_CONVERSION = YES;
				CLANG_WARN_OBJC_IMPLICIT_RETAIN_SELF = YES;
				CLANG_WARN_OBJC_LITERAL_CONVERSION = YES;
				CLANG_WARN_OBJC_ROOT_CLASS = YES_ERROR;
				CLANG_WARN_RANGE_LOOP_ANALYSIS = YES;
				CLANG_WARN_STRICT_PROTOTYPES = YES;
				CLANG_WARN_SUSPICIOUS_MOVE = YES;
				CLANG_WARN_UNGUARDED_AVAILABILITY = YES_AGGRESSIVE;
				CLANG_WARN_UNREACHABLE_CODE = YES;
				CLANG_WARN__DUPLICATE_METHOD_MATCH = YES;
				CODE_SIGN_IDENTITY = "iPhone Developer";
				COPY_PHASE_STRIP = NO;
				DEBUG_INFORMATION_FORMAT = dwarf;
				ENABLE_STRICT_OBJC_MSGSEND = YES;
				ENABLE_TESTABILITY = YES;
				GCC_C_LANGUAGE_STANDARD = gnu11;
				GCC_DYNAMIC_NO_PIC = NO;
				GCC_NO_COMMON_BLOCKS = YES;
				GCC_OPTIMIZATION_LEVEL = 0;
				GCC_PREPROCESSOR_DEFINITIONS = (
					"DEBUG=1",
					"$(inherited)",
				);
				GCC_WARN_64_TO_32_BIT_CONVERSION = YES;
				GCC_WARN_ABOUT_RETURN_TYPE = YES_ERROR;
				GCC_WARN_UNDECLARED_SELECTOR = YES;
				GCC_WARN_UNINITIALIZED_AUTOS = YES_AGGRESSIVE;
				GCC_WARN_UNUSED_FUNCTION = YES;
				GCC_WARN_UNUSED_VARIABLE = YES;
				IPHONEOS_DEPLOYMENT_TARGET = 12.2;
				MTL_ENABLE_DEBUG_INFO = INCLUDE_SOURCE;
				MTL_FAST_MATH = YES;
				ONLY_ACTIVE_ARCH = YES;
				SDKROOT = iphoneos;
				SWIFT_ACTIVE_COMPILATION_CONDITIONS = DEBUG;
				SWIFT_OPTIMIZATION_LEVEL = "-Onone";
			};
			name = Debug;
		};
		103CCF9B22BCF6F500A5C3B7 /* Release */ = {
			isa = XCBuildConfiguration;
			buildSettings = {
				ALWAYS_SEARCH_USER_PATHS = NO;
				CLANG_ANALYZER_NONNULL = YES;
				CLANG_ANALYZER_NUMBER_OBJECT_CONVERSION = YES_AGGRESSIVE;
				CLANG_CXX_LANGUAGE_STANDARD = "gnu++14";
				CLANG_CXX_LIBRARY = "libc++";
				CLANG_ENABLE_MODULES = YES;
				CLANG_ENABLE_OBJC_ARC = YES;
				CLANG_ENABLE_OBJC_WEAK = YES;
				CLANG_WARN_BLOCK_CAPTURE_AUTORELEASING = YES;
				CLANG_WARN_BOOL_CONVERSION = YES;
				CLANG_WARN_COMMA = YES;
				CLANG_WARN_CONSTANT_CONVERSION = YES;
				CLANG_WARN_DEPRECATED_OBJC_IMPLEMENTATIONS = YES;
				CLANG_WARN_DIRECT_OBJC_ISA_USAGE = YES_ERROR;
				CLANG_WARN_DOCUMENTATION_COMMENTS = YES;
				CLANG_WARN_EMPTY_BODY = YES;
				CLANG_WARN_ENUM_CONVERSION = YES;
				CLANG_WARN_INFINITE_RECURSION = YES;
				CLANG_WARN_INT_CONVERSION = YES;
				CLANG_WARN_NON_LITERAL_NULL_CONVERSION = YES;
				CLANG_WARN_OBJC_IMPLICIT_RETAIN_SELF = YES;
				CLANG_WARN_OBJC_LITERAL_CONVERSION = YES;
				CLANG_WARN_OBJC_ROOT_CLASS = YES_ERROR;
				CLANG_WARN_RANGE_LOOP_ANALYSIS = YES;
				CLANG_WARN_STRICT_PROTOTYPES = YES;
				CLANG_WARN_SUSPICIOUS_MOVE = YES;
				CLANG_WARN_UNGUARDED_AVAILABILITY = YES_AGGRESSIVE;
				CLANG_WARN_UNREACHABLE_CODE = YES;
				CLANG_WARN__DUPLICATE_METHOD_MATCH = YES;
				CODE_SIGN_IDENTITY = "iPhone Developer";
				COPY_PHASE_STRIP = NO;
				DEBUG_INFORMATION_FORMAT = "dwarf-with-dsym";
				ENABLE_NS_ASSERTIONS = NO;
				ENABLE_STRICT_OBJC_MSGSEND = YES;
				GCC_C_LANGUAGE_STANDARD = gnu11;
				GCC_NO_COMMON_BLOCKS = YES;
				GCC_WARN_64_TO_32_BIT_CONVERSION = YES;
				GCC_WARN_ABOUT_RETURN_TYPE = YES_ERROR;
				GCC_WARN_UNDECLARED_SELECTOR = YES;
				GCC_WARN_UNINITIALIZED_AUTOS = YES_AGGRESSIVE;
				GCC_WARN_UNUSED_FUNCTION = YES;
				GCC_WARN_UNUSED_VARIABLE = YES;
				IPHONEOS_DEPLOYMENT_TARGET = 12.2;
				MTL_ENABLE_DEBUG_INFO = NO;
				MTL_FAST_MATH = YES;
				SDKROOT = iphoneos;
				SWIFT_COMPILATION_MODE = wholemodule;
				SWIFT_OPTIMIZATION_LEVEL = "-O";
				VALIDATE_PRODUCT = YES;
			};
			name = Release;
		};
		103CCF9D22BCF6F500A5C3B7 /* Debug */ = {
			isa = XCBuildConfiguration;
			buildSettings = {
				ASSETCATALOG_COMPILER_APPICON_NAME = AppIcon;
				CODE_SIGN_STYLE = Automatic;
				DEVELOPMENT_TEAM = Y5JGXGHEF4;
				INFOPLIST_FILE = "Virtual Tourist/Info.plist";
				LD_RUNPATH_SEARCH_PATHS = (
					"$(inherited)",
					"@executable_path/Frameworks",
				);
				PRODUCT_BUNDLE_IDENTIFIER = "com.mohammed.Virtual-Tourist";
				PRODUCT_NAME = "$(TARGET_NAME)";
				SWIFT_VERSION = 5.0;
				TARGETED_DEVICE_FAMILY = "1,2";
			};
			name = Debug;
		};
		103CCF9E22BCF6F500A5C3B7 /* Release */ = {
			isa = XCBuildConfiguration;
			buildSettings = {
				ASSETCATALOG_COMPILER_APPICON_NAME = AppIcon;
				CODE_SIGN_STYLE = Automatic;
				DEVELOPMENT_TEAM = Y5JGXGHEF4;
				INFOPLIST_FILE = "Virtual Tourist/Info.plist";
				LD_RUNPATH_SEARCH_PATHS = (
					"$(inherited)",
					"@executable_path/Frameworks",
				);
				PRODUCT_BUNDLE_IDENTIFIER = "com.mohammed.Virtual-Tourist";
				PRODUCT_NAME = "$(TARGET_NAME)";
				SWIFT_VERSION = 5.0;
				TARGETED_DEVICE_FAMILY = "1,2";
			};
			name = Release;
		};
		103CCFA022BCF6F500A5C3B7 /* Debug */ = {
			isa = XCBuildConfiguration;
			buildSettings = {
				ALWAYS_EMBED_SWIFT_STANDARD_LIBRARIES = YES;
				BUNDLE_LOADER = "$(TEST_HOST)";
				CODE_SIGN_STYLE = Automatic;
				DEVELOPMENT_TEAM = Y5JGXGHEF4;
				INFOPLIST_FILE = "Virtual TouristTests/Info.plist";
				LD_RUNPATH_SEARCH_PATHS = (
					"$(inherited)",
					"@executable_path/Frameworks",
					"@loader_path/Frameworks",
				);
				PRODUCT_BUNDLE_IDENTIFIER = "com.mohammed.Virtual-TouristTests";
				PRODUCT_NAME = "$(TARGET_NAME)";
				SWIFT_VERSION = 5.0;
				TARGETED_DEVICE_FAMILY = "1,2";
				TEST_HOST = "$(BUILT_PRODUCTS_DIR)/Virtual Tourist.app/Virtual Tourist";
			};
			name = Debug;
		};
		103CCFA122BCF6F500A5C3B7 /* Release */ = {
			isa = XCBuildConfiguration;
			buildSettings = {
				ALWAYS_EMBED_SWIFT_STANDARD_LIBRARIES = YES;
				BUNDLE_LOADER = "$(TEST_HOST)";
				CODE_SIGN_STYLE = Automatic;
				DEVELOPMENT_TEAM = Y5JGXGHEF4;
				INFOPLIST_FILE = "Virtual TouristTests/Info.plist";
				LD_RUNPATH_SEARCH_PATHS = (
					"$(inherited)",
					"@executable_path/Frameworks",
					"@loader_path/Frameworks",
				);
				PRODUCT_BUNDLE_IDENTIFIER = "com.mohammed.Virtual-TouristTests";
				PRODUCT_NAME = "$(TARGET_NAME)";
				SWIFT_VERSION = 5.0;
				TARGETED_DEVICE_FAMILY = "1,2";
				TEST_HOST = "$(BUILT_PRODUCTS_DIR)/Virtual Tourist.app/Virtual Tourist";
			};
			name = Release;
		};
		103CCFA322BCF6F500A5C3B7 /* Debug */ = {
			isa = XCBuildConfiguration;
			buildSettings = {
				ALWAYS_EMBED_SWIFT_STANDARD_LIBRARIES = YES;
				CODE_SIGN_STYLE = Automatic;
				DEVELOPMENT_TEAM = Y5JGXGHEF4;
				INFOPLIST_FILE = "Virtual TouristUITests/Info.plist";
				LD_RUNPATH_SEARCH_PATHS = (
					"$(inherited)",
					"@executable_path/Frameworks",
					"@loader_path/Frameworks",
				);
				PRODUCT_BUNDLE_IDENTIFIER = "com.mohammed.Virtual-TouristUITests";
				PRODUCT_NAME = "$(TARGET_NAME)";
				SWIFT_VERSION = 5.0;
				TARGETED_DEVICE_FAMILY = "1,2";
				TEST_TARGET_NAME = "Virtual Tourist";
			};
			name = Debug;
		};
		103CCFA422BCF6F500A5C3B7 /* Release */ = {
			isa = XCBuildConfiguration;
			buildSettings = {
				ALWAYS_EMBED_SWIFT_STANDARD_LIBRARIES = YES;
				CODE_SIGN_STYLE = Automatic;
				DEVELOPMENT_TEAM = Y5JGXGHEF4;
				INFOPLIST_FILE = "Virtual TouristUITests/Info.plist";
				LD_RUNPATH_SEARCH_PATHS = (
					"$(inherited)",
					"@executable_path/Frameworks",
					"@loader_path/Frameworks",
				);
				PRODUCT_BUNDLE_IDENTIFIER = "com.mohammed.Virtual-TouristUITests";
				PRODUCT_NAME = "$(TARGET_NAME)";
				SWIFT_VERSION = 5.0;
				TARGETED_DEVICE_FAMILY = "1,2";
				TEST_TARGET_NAME = "Virtual Tourist";
			};
			name = Release;
		};
/* End XCBuildConfiguration section */

/* Begin XCConfigurationList section */
		103CCF6F22BCF6F300A5C3B7 /* Build configuration list for PBXProject "Virtual Tourist" */ = {
			isa = XCConfigurationList;
			buildConfigurations = (
				103CCF9A22BCF6F500A5C3B7 /* Debug */,
				103CCF9B22BCF6F500A5C3B7 /* Release */,
			);
			defaultConfigurationIsVisible = 0;
			defaultConfigurationName = Release;
		};
		103CCF9C22BCF6F500A5C3B7 /* Build configuration list for PBXNativeTarget "Virtual Tourist" */ = {
			isa = XCConfigurationList;
			buildConfigurations = (
				103CCF9D22BCF6F500A5C3B7 /* Debug */,
				103CCF9E22BCF6F500A5C3B7 /* Release */,
			);
			defaultConfigurationIsVisible = 0;
			defaultConfigurationName = Release;
		};
		103CCF9F22BCF6F500A5C3B7 /* Build configuration list for PBXNativeTarget "Virtual TouristTests" */ = {
			isa = XCConfigurationList;
			buildConfigurations = (
				103CCFA022BCF6F500A5C3B7 /* Debug */,
				103CCFA122BCF6F500A5C3B7 /* Release */,
			);
			defaultConfigurationIsVisible = 0;
			defaultConfigurationName = Release;
		};
		103CCFA222BCF6F500A5C3B7 /* Build configuration list for PBXNativeTarget "Virtual TouristUITests" */ = {
			isa = XCConfigurationList;
			buildConfigurations = (
				103CCFA322BCF6F500A5C3B7 /* Debug */,
				103CCFA422BCF6F500A5C3B7 /* Release */,
			);
			defaultConfigurationIsVisible = 0;
			defaultConfigurationName = Release;
		};
/* End XCConfigurationList section */

/* Begin XCVersionGroup section */
		103CCFBC22CC53AC00A5C3B7 /* VT.xcdatamodeld */ = {
			isa = XCVersionGroup;
			children = (
				103CCFBD22CC53AC00A5C3B7 /* VT.xcdatamodel */,
			);
			currentVersion = 103CCFBD22CC53AC00A5C3B7 /* VT.xcdatamodel */;
			path = VT.xcdatamodeld;
			sourceTree = "<group>";
			versionGroupType = wrapper.xcdatamodel;
		};
/* End XCVersionGroup section */
	};
	rootObject = 103CCF6C22BCF6F300A5C3B7 /* Project object */;
}
